
Microsoft Visual Studio Solution File, Format Version 12.00
Project("{FAE04EC0-301F-11D3-BF4B-00C04F79EFBC}") = "BpmnDotNet", "BpmnDotNet\BpmnDotNet.csproj", "{13A3CF01-2D2C-4177-AE9D-EC967DACE4C0}"
EndProject
Project("{2150E333-8FDC-42A3-9474-1A3956D46DE8}") = "Test", "Test", "{0F66657F-D7FD-4762-B769-F7F1BE98A5E1}"
EndProject
Project("{FAE04EC0-301F-11D3-BF4B-00C04F79EFBC}") = "BpmnDotNetTests", "BpmnDotNetTests\BpmnDotNetTests.csproj", "{E2BE67A1-2C5A-48D8-891C-F58B1DC27FA8}"
EndProject
Project("{2150E333-8FDC-42A3-9474-1A3956D46DE8}") = "_SolutionItems", "_SolutionItems", "{192541F7-ADDD-458E-8FE6-E01232392E9B}"
	ProjectSection(SolutionItems) = preProject
		Directory.Build.props = Directory.Build.props
		..\README.md = ..\README.md
	EndProjectSection
EndProject
Project("{2150E333-8FDC-42A3-9474-1A3956D46DE8}") = "Documents", "Documents", "{062CAF72-15CF-47C4-8C38-432967E4C218}"
	ProjectSection(SolutionItems) = preProject
		..\Documents\BpmnNanation.md = ..\Documents\BpmnNanation.md
		..\Documents\Developer.md = ..\Documents\Developer.md
		..\Documents\UiMonitoring.md = ..\Documents\UiMonitoring.md
	EndProjectSection
EndProject
Project("{2150E333-8FDC-42A3-9474-1A3956D46DE8}") = "Images", "Images", "{FBDE75F2-CD4F-4ACB-9681-792E5DDADAAC}"
	ProjectSection(SolutionItems) = preProject
		..\Documents\Images\bpmn_001.jpg = ..\Documents\Images\bpmn_001.jpg
		..\Documents\Images\end_event.jpg = ..\Documents\Images\end_event.jpg
		..\Documents\Images\exlusive_gateway.jpg = ..\Documents\Images\exlusive_gateway.jpg
		..\Documents\Images\parallel_gateway.jpg = ..\Documents\Images\parallel_gateway.jpg
		..\Documents\Images\receive_task.jpg = ..\Documents\Images\receive_task.jpg
		..\Documents\Images\send_task.jpg = ..\Documents\Images\send_task.jpg
		..\Documents\Images\service_task.jpg = ..\Documents\Images\service_task.jpg
		..\Documents\Images\start_event.jpg = ..\Documents\Images\start_event.jpg
		..\Documents\Images\sub_process.jpg = ..\Documents\Images\sub_process.jpg
	EndProjectSection
EndProject
Project("{2150E333-8FDC-42A3-9474-1A3956D46DE8}") = "Samples", "Samples", "{D6184085-5C9B-4E07-840F-C0A56357C266}"
EndProject
Project("{FAE04EC0-301F-11D3-BF4B-00C04F79EFBC}") = "Sample.ConsoleApp", "Sample.ConsoleApp\Sample.ConsoleApp.csproj", "{49684617-CD82-4438-914D-4A5708C6FCFD}"
EndProject
Project("{FAE04EC0-301F-11D3-BF4B-00C04F79EFBC}") = "BpmnDotNet.ElasticClient", "BpmnDotNet.ElasticClient\BpmnDotNet.ElasticClient.csproj", "{259A13AF-9BC1-46CA-B70B-969554B4F8E3}"
EndProject
Project("{FAE04EC0-301F-11D3-BF4B-00C04F79EFBC}") = "BpmnDotNet.Common", "BpmnDotNet.Common\BpmnDotNet.Common.csproj", "{24CDF59F-DF36-4E77-B779-8D3F044D2D11}"
EndProject
Project("{2150E333-8FDC-42A3-9474-1A3956D46DE8}") = "UI", "UI", "{C9422113-706B-479C-8763-660F97F7048E}"
EndProject
Project("{FAE04EC0-301F-11D3-BF4B-00C04F79EFBC}") = "BpmnDotNet.Arm.Web", "BpmnDotNet.Arm.Web\BpmnDotNet.Arm.Web.csproj", "{7E6676F0-F6F0-491B-BAD8-7A67A57503EB}"
EndProject
Project("{FAE04EC0-301F-11D3-BF4B-00C04F79EFBC}") = "BpmnDotNet.Arm.Core", "BpmnDotNet.Arm.Core\BpmnDotNet.Arm.Core.csproj", "{7F94B1D7-503A-4D20-9812-7B41667C7073}"
EndProject
Project("{2150E333-8FDC-42A3-9474-1A3956D46DE8}") = "UI", "UI", "{0F5F1886-2DD4-40BE-9A6F-CA2D5F4C7D10}"
EndProject
Project("{FAE04EC0-301F-11D3-BF4B-00C04F79EFBC}") = "BpmnDotNet.Arm.Core.Tests", "BpmnDotNet.Arm.Core.Tests\BpmnDotNet.Arm.Core.Tests.csproj", "{1D0A358E-576C-423C-AFD7-4EC17069A204}"
EndProject
Project("{FAE04EC0-301F-11D3-BF4B-00C04F79EFBC}") = "BpmnDotNet.ElasticClient.Tests", "BpmnDotNet.ElasticClient.Tests\BpmnDotNet.ElasticClient.Tests.csproj", "{328E1C0D-8315-4A58-BDD0-5346AF189541}"
EndProject
Global
	GlobalSection(SolutionConfigurationPlatforms) = preSolution
		Debug|Any CPU = Debug|Any CPU
		Release|Any CPU = Release|Any CPU
	EndGlobalSection
	GlobalSection(ProjectConfigurationPlatforms) = postSolution
		{13A3CF01-2D2C-4177-AE9D-EC967DACE4C0}.Debug|Any CPU.ActiveCfg = Debug|Any CPU
		{13A3CF01-2D2C-4177-AE9D-EC967DACE4C0}.Debug|Any CPU.Build.0 = Debug|Any CPU
		{13A3CF01-2D2C-4177-AE9D-EC967DACE4C0}.Release|Any CPU.ActiveCfg = Release|Any CPU
		{13A3CF01-2D2C-4177-AE9D-EC967DACE4C0}.Release|Any CPU.Build.0 = Release|Any CPU
		{E2BE67A1-2C5A-48D8-891C-F58B1DC27FA8}.Debug|Any CPU.ActiveCfg = Debug|Any CPU
		{E2BE67A1-2C5A-48D8-891C-F58B1DC27FA8}.Debug|Any CPU.Build.0 = Debug|Any CPU
		{E2BE67A1-2C5A-48D8-891C-F58B1DC27FA8}.Release|Any CPU.ActiveCfg = Release|Any CPU
		{E2BE67A1-2C5A-48D8-891C-F58B1DC27FA8}.Release|Any CPU.Build.0 = Release|Any CPU
		{49684617-CD82-4438-914D-4A5708C6FCFD}.Debug|Any CPU.ActiveCfg = Debug|Any CPU
		{49684617-CD82-4438-914D-4A5708C6FCFD}.Debug|Any CPU.Build.0 = Debug|Any CPU
		{49684617-CD82-4438-914D-4A5708C6FCFD}.Release|Any CPU.ActiveCfg = Release|Any CPU
		{49684617-CD82-4438-914D-4A5708C6FCFD}.Release|Any CPU.Build.0 = Release|Any CPU
		{259A13AF-9BC1-46CA-B70B-969554B4F8E3}.Debug|Any CPU.ActiveCfg = Debug|Any CPU
		{259A13AF-9BC1-46CA-B70B-969554B4F8E3}.Debug|Any CPU.Build.0 = Debug|Any CPU
		{259A13AF-9BC1-46CA-B70B-969554B4F8E3}.Release|Any CPU.ActiveCfg = Release|Any CPU
		{259A13AF-9BC1-46CA-B70B-969554B4F8E3}.Release|Any CPU.Build.0 = Release|Any CPU
		{24CDF59F-DF36-4E77-B779-8D3F044D2D11}.Debug|Any CPU.ActiveCfg = Debug|Any CPU
		{24CDF59F-DF36-4E77-B779-8D3F044D2D11}.Debug|Any CPU.Build.0 = Debug|Any CPU
		{24CDF59F-DF36-4E77-B779-8D3F044D2D11}.Release|Any CPU.ActiveCfg = Release|Any CPU
		{24CDF59F-DF36-4E77-B779-8D3F044D2D11}.Release|Any CPU.Build.0 = Release|Any CPU
		{7E6676F0-F6F0-491B-BAD8-7A67A57503EB}.Debug|Any CPU.ActiveCfg = Debug|Any CPU
		{7E6676F0-F6F0-491B-BAD8-7A67A57503EB}.Debug|Any CPU.Build.0 = Debug|Any CPU
		{7E6676F0-F6F0-491B-BAD8-7A67A57503EB}.Release|Any CPU.ActiveCfg = Release|Any CPU
		{7E6676F0-F6F0-491B-BAD8-7A67A57503EB}.Release|Any CPU.Build.0 = Release|Any CPU
		{7F94B1D7-503A-4D20-9812-7B41667C7073}.Debug|Any CPU.ActiveCfg = Debug|Any CPU
		{7F94B1D7-503A-4D20-9812-7B41667C7073}.Debug|Any CPU.Build.0 = Debug|Any CPU
		{7F94B1D7-503A-4D20-9812-7B41667C7073}.Release|Any CPU.ActiveCfg = Release|Any CPU
		{7F94B1D7-503A-4D20-9812-7B41667C7073}.Release|Any CPU.Build.0 = Release|Any CPU
		{1D0A358E-576C-423C-AFD7-4EC17069A204}.Debug|Any CPU.ActiveCfg = Debug|Any CPU
		{1D0A358E-576C-423C-AFD7-4EC17069A204}.Debug|Any CPU.Build.0 = Debug|Any CPU
		{1D0A358E-576C-423C-AFD7-4EC17069A204}.Release|Any CPU.ActiveCfg = Release|Any CPU
		{1D0A358E-576C-423C-AFD7-4EC17069A204}.Release|Any CPU.Build.0 = Release|Any CPU
		{328E1C0D-8315-4A58-BDD0-5346AF189541}.Debug|Any CPU.ActiveCfg = Debug|Any CPU
		{328E1C0D-8315-4A58-BDD0-5346AF189541}.Debug|Any CPU.Build.0 = Debug|Any CPU
		{328E1C0D-8315-4A58-BDD0-5346AF189541}.Release|Any CPU.ActiveCfg = Release|Any CPU
		{328E1C0D-8315-4A58-BDD0-5346AF189541}.Release|Any CPU.Build.0 = Release|Any CPU
	EndGlobalSection
	GlobalSection(NestedProjects) = preSolution
		{E2BE67A1-2C5A-48D8-891C-F58B1DC27FA8} = {0F66657F-D7FD-4762-B769-F7F1BE98A5E1}
		{062CAF72-15CF-47C4-8C38-432967E4C218} = {192541F7-ADDD-458E-8FE6-E01232392E9B}
		{FBDE75F2-CD4F-4ACB-9681-792E5DDADAAC} = {062CAF72-15CF-47C4-8C38-432967E4C218}
		{49684617-CD82-4438-914D-4A5708C6FCFD} = {D6184085-5C9B-4E07-840F-C0A56357C266}
		{7E6676F0-F6F0-491B-BAD8-7A67A57503EB} = {C9422113-706B-479C-8763-660F97F7048E}
		{7F94B1D7-503A-4D20-9812-7B41667C7073} = {C9422113-706B-479C-8763-660F97F7048E}
		{0F5F1886-2DD4-40BE-9A6F-CA2D5F4C7D10} = {0F66657F-D7FD-4762-B769-F7F1BE98A5E1}
		{1D0A358E-576C-423C-AFD7-4EC17069A204} = {0F5F1886-2DD4-40BE-9A6F-CA2D5F4C7D10}
		{328E1C0D-8315-4A58-BDD0-5346AF189541} = {0F66657F-D7FD-4762-B769-F7F1BE98A5E1}
	EndGlobalSection
EndGlobal
