
Microsoft Visual Studio Solution File, Format Version 12.00
Project("{FAE04EC0-301F-11D3-BF4B-00C04F79EFBC}") = "BpmnDotNet", "BpmnDotNet\BpmnDotNet.csproj", "{13A3CF01-2D2C-4177-AE9D-EC967DACE4C0}"
EndProject
Project("{2150E333-8FDC-42A3-9474-1A3956D46DE8}") = "Test", "Test", "{0F66657F-D7FD-4762-B769-F7F1BE98A5E1}"
EndProject
Project("{FAE04EC0-301F-11D3-BF4B-00C04F79EFBC}") = "BpmnDotNetTests", "BpmnDotNetTests\BpmnDotNetTests.csproj", "{E2BE67A1-2C5A-48D8-891C-F58B1DC27FA8}"
EndProject
Project("{2150E333-8FDC-42A3-9474-1A3956D46DE8}") = "_SolutionItems", "_SolutionItems", "{192541F7-ADDD-458E-8FE6-E01232392E9B}"
EndProject
Project("{2150E333-8FDC-42A3-9474-1A3956D46DE8}") = "Documents", "Documents", "{062CAF72-15CF-47C4-8C38-432967E4C218}"
	ProjectSection(SolutionItems) = preProject
		..\Documents\BpmnNanation.md = ..\Documents\BpmnNanation.md
		..\Documents\Developer.md = ..\Documents\Developer.md
		..\README.md = ..\README.md
		..\Documents\UiMonitoring.md = ..\Documents\UiMonitoring.md
	EndProjectSection
EndProject
Project("{2150E333-8FDC-42A3-9474-1A3956D46DE8}") = "Images", "Images", "{FBDE75F2-CD4F-4ACB-9681-792E5DDADAAC}"
	ProjectSection(SolutionItems) = preProject
		..\Documents\Images\bpmn_001.jpg = ..\Documents\Images\bpmn_001.jpg
		..\Documents\Images\end_event.jpg = ..\Documents\Images\end_event.jpg
		..\Documents\Images\exlusive_gateway.jpg = ..\Documents\Images\exlusive_gateway.jpg
		..\Documents\Images\parallel_gateway.jpg = ..\Documents\Images\parallel_gateway.jpg
		..\Documents\Images\receive_task.jpg = ..\Documents\Images\receive_task.jpg
		..\Documents\Images\send_task.jpg = ..\Documents\Images\send_task.jpg
		..\Documents\Images\service_task.jpg = ..\Documents\Images\service_task.jpg
		..\Documents\Images\start_event.jpg = ..\Documents\Images\start_event.jpg
		..\Documents\Images\sub_process.jpg = ..\Documents\Images\sub_process.jpg
		..\Documents\Images\Camunda_operation.png = ..\Documents\Images\Camunda_operation.png
	EndProjectSection
EndProject
Project("{2150E333-8FDC-42A3-9474-1A3956D46DE8}") = "Samples", "Samples", "{D6184085-5C9B-4E07-840F-C0A56357C266}"
EndProject
Project("{FAE04EC0-301F-11D3-BF4B-00C04F79EFBC}") = "Sample.ConsoleApp", "Sample.ConsoleApp\Sample.ConsoleApp.csproj", "{49684617-CD82-4438-914D-4A5708C6FCFD}"
EndProject
Project("{FAE04EC0-301F-11D3-BF4B-00C04F79EFBC}") = "BpmnDotNet.ElasticClient", "BpmnDotNet.ElasticClient\BpmnDotNet.ElasticClient.csproj", "{259A13AF-9BC1-46CA-B70B-969554B4F8E3}"
EndProject
Project("{FAE04EC0-301F-11D3-BF4B-00C04F79EFBC}") = "BpmnDotNet.Common", "BpmnDotNet.Common\BpmnDotNet.Common.csproj", "{24CDF59F-DF36-4E77-B779-8D3F044D2D11}"
EndProject
Project("{FAE04EC0-301F-11D3-BF4B-00C04F79EFBC}") = "BpmnDotNet.ElasticClient.Tests", "BpmnDotNet.ElasticClient.Tests\BpmnDotNet.ElasticClient.Tests.csproj", "{12717F37-54B7-4885-927B-79447586E076}"
EndProject
Global
	GlobalSection(SolutionConfigurationPlatforms) = preSolution
		Debug|Any CPU = Debug|Any CPU
		Release|Any CPU = Release|Any CPU
	EndGlobalSection
	GlobalSection(ProjectConfigurationPlatforms) = postSolution
		{13A3CF01-2D2C-4177-AE9D-EC967DACE4C0}.Debug|Any CPU.ActiveCfg = Debug|Any CPU
		{13A3CF01-2D2C-4177-AE9D-EC967DACE4C0}.Debug|Any CPU.Build.0 = Debug|Any CPU
		{13A3CF01-2D2C-4177-AE9D-EC967DACE4C0}.Release|Any CPU.ActiveCfg = Release|Any CPU
		{13A3CF01-2D2C-4177-AE9D-EC967DACE4C0}.Release|Any CPU.Build.0 = Release|Any CPU
		{E2BE67A1-2C5A-48D8-891C-F58B1DC27FA8}.Debug|Any CPU.ActiveCfg = Debug|Any CPU
		{E2BE67A1-2C5A-48D8-891C-F58B1DC27FA8}.Debug|Any CPU.Build.0 = Debug|Any CPU
		{E2BE67A1-2C5A-48D8-891C-F58B1DC27FA8}.Release|Any CPU.ActiveCfg = Release|Any CPU
		{E2BE67A1-2C5A-48D8-891C-F58B1DC27FA8}.Release|Any CPU.Build.0 = Release|Any CPU
		{49684617-CD82-4438-914D-4A5708C6FCFD}.Debug|Any CPU.ActiveCfg = Debug|Any CPU
		{49684617-CD82-4438-914D-4A5708C6FCFD}.Debug|Any CPU.Build.0 = Debug|Any CPU
		{49684617-CD82-4438-914D-4A5708C6FCFD}.Release|Any CPU.ActiveCfg = Release|Any CPU
		{49684617-CD82-4438-914D-4A5708C6FCFD}.Release|Any CPU.Build.0 = Release|Any CPU
		{259A13AF-9BC1-46CA-B70B-969554B4F8E3}.Debug|Any CPU.ActiveCfg = Debug|Any CPU
		{259A13AF-9BC1-46CA-B70B-969554B4F8E3}.Debug|Any CPU.Build.0 = Debug|Any CPU
		{259A13AF-9BC1-46CA-B70B-969554B4F8E3}.Release|Any CPU.ActiveCfg = Release|Any CPU
		{259A13AF-9BC1-46CA-B70B-969554B4F8E3}.Release|Any CPU.Build.0 = Release|Any CPU
		{24CDF59F-DF36-4E77-B779-8D3F044D2D11}.Debug|Any CPU.ActiveCfg = Debug|Any CPU
		{24CDF59F-DF36-4E77-B779-8D3F044D2D11}.Debug|Any CPU.Build.0 = Debug|Any CPU
		{24CDF59F-DF36-4E77-B779-8D3F044D2D11}.Release|Any CPU.ActiveCfg = Release|Any CPU
		{24CDF59F-DF36-4E77-B779-8D3F044D2D11}.Release|Any CPU.Build.0 = Release|Any CPU
		{12717F37-54B7-4885-927B-79447586E076}.Debug|Any CPU.ActiveCfg = Debug|Any CPU
		{12717F37-54B7-4885-927B-79447586E076}.Debug|Any CPU.Build.0 = Debug|Any CPU
		{12717F37-54B7-4885-927B-79447586E076}.Release|Any CPU.ActiveCfg = Release|Any CPU
		{12717F37-54B7-4885-927B-79447586E076}.Release|Any CPU.Build.0 = Release|Any CPU
	EndGlobalSection
	GlobalSection(NestedProjects) = preSolution
		{E2BE67A1-2C5A-48D8-891C-F58B1DC27FA8} = {0F66657F-D7FD-4762-B769-F7F1BE98A5E1}
		{062CAF72-15CF-47C4-8C38-432967E4C218} = {192541F7-ADDD-458E-8FE6-E01232392E9B}
		{FBDE75F2-CD4F-4ACB-9681-792E5DDADAAC} = {062CAF72-15CF-47C4-8C38-432967E4C218}
		{49684617-CD82-4438-914D-4A5708C6FCFD} = {D6184085-5C9B-4E07-840F-C0A56357C266}
		{12717F37-54B7-4885-927B-79447586E076} = {0F66657F-D7FD-4762-B769-F7F1BE98A5E1}
	EndGlobalSection
EndGlobal
